
Microsoft Visual Studio Solution File, Format Version 12.00
# Visual Studio 15
VisualStudioVersion = 15.0.27703.2042
MinimumVisualStudioVersion = 10.0.40219.1
Project("{FAE04EC0-301F-11D3-BF4B-00C04F79EFBC}") = "ListMoviesByCategory", "ListMoviesByCategory\ListMoviesByCategory.csproj", "{7C37F610-820B-4C8C-8DF7-D98F900F0443}"
EndProject
Global
	GlobalSection(SolutionConfigurationPlatforms) = preSolution
		Debug|Any CPU = Debug|Any CPU
		Release|Any CPU = Release|Any CPU
	EndGlobalSection
	GlobalSection(ProjectConfigurationPlatforms) = postSolution
		{7C37F610-820B-4C8C-8DF7-D98F900F0443}.Debug|Any CPU.ActiveCfg = Debug|Any CPU
		{7C37F610-820B-4C8C-8DF7-D98F900F0443}.Debug|Any CPU.Build.0 = Debug|Any CPU
		{7C37F610-820B-4C8C-8DF7-D98F900F0443}.Release|Any CPU.ActiveCfg = Release|Any CPU
		{7C37F610-820B-4C8C-8DF7-D98F900F0443}.Release|Any CPU.Build.0 = Release|Any CPU
	EndGlobalSection
	GlobalSection(SolutionProperties) = preSolution
		HideSolutionNode = FALSE
	EndGlobalSection
	GlobalSection(ExtensibilityGlobals) = postSolution
		SolutionGuid = {59A25CE9-CE8A-4CC2-ADD2-D73F82B8F095}
	EndGlobalSection
EndGlobal
